
Microsoft Visual Studio Solution File, Format Version 12.00
# Visual Studio Version 17
VisualStudioVersion = 17.0.32126.317
MinimumVisualStudioVersion = 10.0.40219.1
Project("{2150E333-8FDC-42A3-9474-1A3956D46DE8}") = "Services", "Services", "{1B2E2112-1B2F-43EC-A1C5-FF18D455A153}"
EndProject
Project("{2150E333-8FDC-42A3-9474-1A3956D46DE8}") = "WebApps", "WebApps", "{E31AFCEB-69FC-48AF-B7F7-7AAA7C6A3F49}"
EndProject
Project("{2150E333-8FDC-42A3-9474-1A3956D46DE8}") = "Cadastros", "Cadastros", "{E223C9B7-96AF-4E38-852E-EAB254CB8EE5}"
EndProject
Project("{2150E333-8FDC-42A3-9474-1A3956D46DE8}") = "Catalogo", "Catalogo", "{B8994E21-91B3-4B2B-90B6-A5B1945EA95F}"
EndProject
Project("{2150E333-8FDC-42A3-9474-1A3956D46DE8}") = "Fiscal", "Fiscal", "{C7EDFCCD-FDBC-4092-B74B-A649F07C84A2}"
EndProject
Project("{2150E333-8FDC-42A3-9474-1A3956D46DE8}") = "Core", "Core", "{DBD39441-C692-4032-AE4A-6BE2C0191444}"
EndProject
Project("{2150E333-8FDC-42A3-9474-1A3956D46DE8}") = "Pagamentos", "Pagamentos", "{FBDF8A00-8408-4AC7-BF93-1D9CE1A99D15}"
EndProject
Project("{2150E333-8FDC-42A3-9474-1A3956D46DE8}") = "Vendas", "Vendas", "{72D640F5-A0D1-4899-92AF-0B3544CC3ADB}"
EndProject
Project("{9A19103F-16F7-4668-BE54-9A1E7A4F7556}") = "NerdStore.Catalogo.Domain", "src\NerdStore.Catalogo.Domain\NerdStore.Catalogo.Domain.csproj", "{A68944C9-FE7D-47BC-A659-DD617AF1BD8E}"
EndProject
Project("{9A19103F-16F7-4668-BE54-9A1E7A4F7556}") = "NerdStore.Core", "src\NerdStore.Core\NerdStore.Core.csproj", "{3A98C57D-C2A9-414D-8A27-6949DA788157}"
EndProject
Project("{2150E333-8FDC-42A3-9474-1A3956D46DE8}") = "Tests", "Tests", "{1C946731-03BA-4115-AC4A-0378DAB8C7F9}"
EndProject
Project("{9A19103F-16F7-4668-BE54-9A1E7A4F7556}") = "NerdStore.Catalogo.Domain.Tests", "tests\NerdStore.Catalogo.Domain.Tests\NerdStore.Catalogo.Domain.Tests.csproj", "{8730E602-F5E8-421A-9DCA-23166F16CF3D}"
EndProject
Project("{FAE04EC0-301F-11D3-BF4B-00C04F79EFBC}") = "NerdStore.Catalogo.Data", "src\NerdStore.Catalogo.Data\NerdStore.Catalogo.Data.csproj", "{D716AFBA-61D5-4FF8-8037-32AFBDEC8ADF}"
EndProject
Project("{FAE04EC0-301F-11D3-BF4B-00C04F79EFBC}") = "NerdStore.Catalogo.Application", "src\NerdStore.Catalogo.Application\NerdStore.Catalogo.Application.csproj", "{B0F0F575-4DAA-4422-B6FF-6A0E764FA21F}"
EndProject
Project("{FAE04EC0-301F-11D3-BF4B-00C04F79EFBC}") = "NerdStore.WebApp.MVC", "src\NerdStore.WebApp.MVC\NerdStore.WebApp.MVC.csproj", "{2A9EBDBA-54D8-4BC2-BB5A-08B24C16CEAB}"
EndProject
Global
	GlobalSection(SolutionConfigurationPlatforms) = preSolution
		Debug|Any CPU = Debug|Any CPU
		Release|Any CPU = Release|Any CPU
	EndGlobalSection
	GlobalSection(ProjectConfigurationPlatforms) = postSolution
		{A68944C9-FE7D-47BC-A659-DD617AF1BD8E}.Debug|Any CPU.ActiveCfg = Debug|Any CPU
		{A68944C9-FE7D-47BC-A659-DD617AF1BD8E}.Debug|Any CPU.Build.0 = Debug|Any CPU
		{A68944C9-FE7D-47BC-A659-DD617AF1BD8E}.Release|Any CPU.ActiveCfg = Release|Any CPU
		{A68944C9-FE7D-47BC-A659-DD617AF1BD8E}.Release|Any CPU.Build.0 = Release|Any CPU
		{3A98C57D-C2A9-414D-8A27-6949DA788157}.Debug|Any CPU.ActiveCfg = Debug|Any CPU
		{3A98C57D-C2A9-414D-8A27-6949DA788157}.Debug|Any CPU.Build.0 = Debug|Any CPU
		{3A98C57D-C2A9-414D-8A27-6949DA788157}.Release|Any CPU.ActiveCfg = Release|Any CPU
		{3A98C57D-C2A9-414D-8A27-6949DA788157}.Release|Any CPU.Build.0 = Release|Any CPU
		{8730E602-F5E8-421A-9DCA-23166F16CF3D}.Debug|Any CPU.ActiveCfg = Debug|Any CPU
		{8730E602-F5E8-421A-9DCA-23166F16CF3D}.Debug|Any CPU.Build.0 = Debug|Any CPU
		{8730E602-F5E8-421A-9DCA-23166F16CF3D}.Release|Any CPU.ActiveCfg = Release|Any CPU
		{8730E602-F5E8-421A-9DCA-23166F16CF3D}.Release|Any CPU.Build.0 = Release|Any CPU
		{D716AFBA-61D5-4FF8-8037-32AFBDEC8ADF}.Debug|Any CPU.ActiveCfg = Debug|Any CPU
		{D716AFBA-61D5-4FF8-8037-32AFBDEC8ADF}.Debug|Any CPU.Build.0 = Debug|Any CPU
		{D716AFBA-61D5-4FF8-8037-32AFBDEC8ADF}.Release|Any CPU.ActiveCfg = Release|Any CPU
		{D716AFBA-61D5-4FF8-8037-32AFBDEC8ADF}.Release|Any CPU.Build.0 = Release|Any CPU
		{B0F0F575-4DAA-4422-B6FF-6A0E764FA21F}.Debug|Any CPU.ActiveCfg = Debug|Any CPU
		{B0F0F575-4DAA-4422-B6FF-6A0E764FA21F}.Debug|Any CPU.Build.0 = Debug|Any CPU
		{B0F0F575-4DAA-4422-B6FF-6A0E764FA21F}.Release|Any CPU.ActiveCfg = Release|Any CPU
		{B0F0F575-4DAA-4422-B6FF-6A0E764FA21F}.Release|Any CPU.Build.0 = Release|Any CPU
		{2A9EBDBA-54D8-4BC2-BB5A-08B24C16CEAB}.Debug|Any CPU.ActiveCfg = Debug|Any CPU
		{2A9EBDBA-54D8-4BC2-BB5A-08B24C16CEAB}.Debug|Any CPU.Build.0 = Debug|Any CPU
		{2A9EBDBA-54D8-4BC2-BB5A-08B24C16CEAB}.Release|Any CPU.ActiveCfg = Release|Any CPU
		{2A9EBDBA-54D8-4BC2-BB5A-08B24C16CEAB}.Release|Any CPU.Build.0 = Release|Any CPU
	EndGlobalSection
	GlobalSection(SolutionProperties) = preSolution
		HideSolutionNode = FALSE
	EndGlobalSection
	GlobalSection(NestedProjects) = preSolution
		{E223C9B7-96AF-4E38-852E-EAB254CB8EE5} = {1B2E2112-1B2F-43EC-A1C5-FF18D455A153}
		{B8994E21-91B3-4B2B-90B6-A5B1945EA95F} = {1B2E2112-1B2F-43EC-A1C5-FF18D455A153}
		{C7EDFCCD-FDBC-4092-B74B-A649F07C84A2} = {1B2E2112-1B2F-43EC-A1C5-FF18D455A153}
		{DBD39441-C692-4032-AE4A-6BE2C0191444} = {1B2E2112-1B2F-43EC-A1C5-FF18D455A153}
		{FBDF8A00-8408-4AC7-BF93-1D9CE1A99D15} = {1B2E2112-1B2F-43EC-A1C5-FF18D455A153}
		{72D640F5-A0D1-4899-92AF-0B3544CC3ADB} = {1B2E2112-1B2F-43EC-A1C5-FF18D455A153}
		{A68944C9-FE7D-47BC-A659-DD617AF1BD8E} = {B8994E21-91B3-4B2B-90B6-A5B1945EA95F}
		{3A98C57D-C2A9-414D-8A27-6949DA788157} = {DBD39441-C692-4032-AE4A-6BE2C0191444}
		{1C946731-03BA-4115-AC4A-0378DAB8C7F9} = {B8994E21-91B3-4B2B-90B6-A5B1945EA95F}
		{8730E602-F5E8-421A-9DCA-23166F16CF3D} = {1C946731-03BA-4115-AC4A-0378DAB8C7F9}
		{D716AFBA-61D5-4FF8-8037-32AFBDEC8ADF} = {B8994E21-91B3-4B2B-90B6-A5B1945EA95F}
		{B0F0F575-4DAA-4422-B6FF-6A0E764FA21F} = {B8994E21-91B3-4B2B-90B6-A5B1945EA95F}
		{2A9EBDBA-54D8-4BC2-BB5A-08B24C16CEAB} = {E31AFCEB-69FC-48AF-B7F7-7AAA7C6A3F49}
	EndGlobalSection
	GlobalSection(ExtensibilityGlobals) = postSolution
		SolutionGuid = {709DA9E8-E739-40E0-B87C-2579B50A090A}
	EndGlobalSection
EndGlobal
